// !$*UTF8*$!
{
	archiveVersion = 1;
	classes = {
	};
	objectVersion = 50;
	objects = {

/* Begin PBXBuildFile section */
		F53E4750257B3B9C00AC1B61 /* Utils.swift in Sources */ = {isa = PBXBuildFile; fileRef = F53E474F257B3B9C00AC1B61 /* Utils.swift */; };
		F53E4754257B477400AC1B61 /* darksky_sample.json in Resources */ = {isa = PBXBuildFile; fileRef = F53E4753257B477400AC1B61 /* darksky_sample.json */; };
		F53E4758257B580A00AC1B61 /* detailVC.swift in Sources */ = {isa = PBXBuildFile; fileRef = F53E4757257B580A00AC1B61 /* detailVC.swift */; };
		F54A8CA2257B99D10047342E /* rain.sks in Resources */ = {isa = PBXBuildFile; fileRef = F54A8CA0257B99D10047342E /* rain.sks */; };
		F54A8CA3257B99D10047342E /* Assets.xcassets in Resources */ = {isa = PBXBuildFile; fileRef = F54A8CA1257B99D10047342E /* Assets.xcassets */; };
		F55653C32578C93000E2F8AC /* AppDelegate.swift in Sources */ = {isa = PBXBuildFile; fileRef = F55653C22578C93000E2F8AC /* AppDelegate.swift */; };
		F55653C52578C93000E2F8AC /* SceneDelegate.swift in Sources */ = {isa = PBXBuildFile; fileRef = F55653C42578C93000E2F8AC /* SceneDelegate.swift */; };
		F55653C72578C93000E2F8AC /* MainVC.swift in Sources */ = {isa = PBXBuildFile; fileRef = F55653C62578C93000E2F8AC /* MainVC.swift */; };
		F55653CA2578C93000E2F8AC /* Main.storyboard in Resources */ = {isa = PBXBuildFile; fileRef = F55653C82578C93000E2F8AC /* Main.storyboard */; };
		F55653CD2578C93000E2F8AC /* p3.xcdatamodeld in Sources */ = {isa = PBXBuildFile; fileRef = F55653CB2578C93000E2F8AC /* p3.xcdatamodeld */; };
		F55653CF2578C93400E2F8AC /* Assets.xcassets in Resources */ = {isa = PBXBuildFile; fileRef = F55653CE2578C93400E2F8AC /* Assets.xcassets */; };
		F55653D22578C93400E2F8AC /* LaunchScreen.storyboard in Resources */ = {isa = PBXBuildFile; fileRef = F55653D02578C93400E2F8AC /* LaunchScreen.storyboard */; };
		F55653DA2578CB5600E2F8AC /* TableViewCell.swift in Sources */ = {isa = PBXBuildFile; fileRef = F55653D92578CB5600E2F8AC /* TableViewCell.swift */; };
		F55653DC2578CF9A00E2F8AC /* TVC.swift in Sources */ = {isa = PBXBuildFile; fileRef = F55653DB2578CF9A00E2F8AC /* TVC.swift */; };
		F55653DE2578D28000E2F8AC /* AboutVC.swift in Sources */ = {isa = PBXBuildFile; fileRef = F55653DD2578D28000E2F8AC /* AboutVC.swift */; };
		F55653E02578D8B600E2F8AC /* Bundle+info.swift in Sources */ = {isa = PBXBuildFile; fileRef = F55653DF2578D8B600E2F8AC /* Bundle+info.swift */; };
		F55653E325798EA300E2F8AC /* SettingsVC.swift in Sources */ = {isa = PBXBuildFile; fileRef = F55653E225798EA300E2F8AC /* SettingsVC.swift */; };
		F55653E5257990BB00E2F8AC /* Constants.swift in Sources */ = {isa = PBXBuildFile; fileRef = F55653E4257990BB00E2F8AC /* Constants.swift */; };
		F55653E82579929500E2F8AC /* Localizable.strings in Resources */ = {isa = PBXBuildFile; fileRef = F55653EA2579929500E2F8AC /* Localizable.strings */; };
		F5A65D4025799EDB00A0DB2A /* orderType.swift in Sources */ = {isa = PBXBuildFile; fileRef = F5A65D3F25799EDB00A0DB2A /* orderType.swift */; };
		F5A65D462579ECBF00A0DB2A /* Weathers.swift in Sources */ = {isa = PBXBuildFile; fileRef = F5A65D452579ECBF00A0DB2A /* Weathers.swift */; };
		F5A65D482579F20400A0DB2A /* FileManager.swift in Sources */ = {isa = PBXBuildFile; fileRef = F5A65D472579F20400A0DB2A /* FileManager.swift */; };
/* End PBXBuildFile section */

/* Begin PBXFileReference section */
		F53E474F257B3B9C00AC1B61 /* Utils.swift */ = {isa = PBXFileReference; lastKnownFileType = sourcecode.swift; path = Utils.swift; sourceTree = "<group>"; };
		F53E4753257B477400AC1B61 /* darksky_sample.json */ = {isa = PBXFileReference; fileEncoding = 4; lastKnownFileType = text.json; path = darksky_sample.json; sourceTree = "<group>"; };
		F53E4757257B580A00AC1B61 /* detailVC.swift */ = {isa = PBXFileReference; lastKnownFileType = sourcecode.swift; path = detailVC.swift; sourceTree = "<group>"; };
		F54A8CA0257B99D10047342E /* rain.sks */ = {isa = PBXFileReference; lastKnownFileType = file.sks; path = rain.sks; sourceTree = "<group>"; };
		F54A8CA1257B99D10047342E /* Assets.xcassets */ = {isa = PBXFileReference; lastKnownFileType = folder.assetcatalog; path = Assets.xcassets; sourceTree = "<group>"; };
		F55653BF2578C93000E2F8AC /* CuteWeather.app */ = {isa = PBXFileReference; explicitFileType = wrapper.application; includeInIndex = 0; path = CuteWeather.app; sourceTree = BUILT_PRODUCTS_DIR; };
		F55653C22578C93000E2F8AC /* AppDelegate.swift */ = {isa = PBXFileReference; lastKnownFileType = sourcecode.swift; path = AppDelegate.swift; sourceTree = "<group>"; };
		F55653C42578C93000E2F8AC /* SceneDelegate.swift */ = {isa = PBXFileReference; lastKnownFileType = sourcecode.swift; path = SceneDelegate.swift; sourceTree = "<group>"; };
		F55653C62578C93000E2F8AC /* MainVC.swift */ = {isa = PBXFileReference; lastKnownFileType = sourcecode.swift; path = MainVC.swift; sourceTree = "<group>"; };
		F55653C92578C93000E2F8AC /* Base */ = {isa = PBXFileReference; lastKnownFileType = file.storyboard; name = Base; path = Base.lproj/Main.storyboard; sourceTree = "<group>"; };
		F55653CC2578C93000E2F8AC /* p3.xcdatamodel */ = {isa = PBXFileReference; lastKnownFileType = wrapper.xcdatamodel; path = p3.xcdatamodel; sourceTree = "<group>"; };
		F55653CE2578C93400E2F8AC /* Assets.xcassets */ = {isa = PBXFileReference; lastKnownFileType = folder.assetcatalog; path = Assets.xcassets; sourceTree = "<group>"; };
		F55653D12578C93400E2F8AC /* Base */ = {isa = PBXFileReference; lastKnownFileType = file.storyboard; name = Base; path = Base.lproj/LaunchScreen.storyboard; sourceTree = "<group>"; };
		F55653D32578C93400E2F8AC /* Info.plist */ = {isa = PBXFileReference; lastKnownFileType = text.plist.xml; path = Info.plist; sourceTree = "<group>"; };
		F55653D92578CB5600E2F8AC /* TableViewCell.swift */ = {isa = PBXFileReference; lastKnownFileType = sourcecode.swift; path = TableViewCell.swift; sourceTree = "<group>"; };
		F55653DB2578CF9A00E2F8AC /* TVC.swift */ = {isa = PBXFileReference; lastKnownFileType = sourcecode.swift; path = TVC.swift; sourceTree = "<group>"; };
		F55653DD2578D28000E2F8AC /* AboutVC.swift */ = {isa = PBXFileReference; lastKnownFileType = sourcecode.swift; path = AboutVC.swift; sourceTree = "<group>"; };
		F55653DF2578D8B600E2F8AC /* Bundle+info.swift */ = {isa = PBXFileReference; lastKnownFileType = sourcecode.swift; path = "Bundle+info.swift"; sourceTree = "<group>"; };
		F55653E225798EA300E2F8AC /* SettingsVC.swift */ = {isa = PBXFileReference; lastKnownFileType = sourcecode.swift; path = SettingsVC.swift; sourceTree = "<group>"; };
		F55653E4257990BB00E2F8AC /* Constants.swift */ = {isa = PBXFileReference; lastKnownFileType = sourcecode.swift; path = Constants.swift; sourceTree = "<group>"; };
		F55653E92579929500E2F8AC /* en */ = {isa = PBXFileReference; lastKnownFileType = text.plist.strings; name = en; path = en.lproj/Localizable.strings; sourceTree = "<group>"; };
		F55653EB257992E400E2F8AC /* fr */ = {isa = PBXFileReference; lastKnownFileType = text.plist.strings; name = fr; path = fr.lproj/Localizable.strings; sourceTree = "<group>"; };
		F55653EC2579930D00E2F8AC /* es */ = {isa = PBXFileReference; lastKnownFileType = text.plist.strings; name = es; path = es.lproj/Localizable.strings; sourceTree = "<group>"; };
		F5A65D3F25799EDB00A0DB2A /* orderType.swift */ = {isa = PBXFileReference; lastKnownFileType = sourcecode.swift; path = orderType.swift; sourceTree = "<group>"; };
		F5A65D452579ECBF00A0DB2A /* Weathers.swift */ = {isa = PBXFileReference; lastKnownFileType = sourcecode.swift; path = Weathers.swift; sourceTree = "<group>"; };
		F5A65D472579F20400A0DB2A /* FileManager.swift */ = {isa = PBXFileReference; lastKnownFileType = sourcecode.swift; path = FileManager.swift; sourceTree = "<group>"; };
/* End PBXFileReference section */

/* Begin PBXFrameworksBuildPhase section */
		F55653BC2578C93000E2F8AC /* Frameworks */ = {
			isa = PBXFrameworksBuildPhase;
			buildActionMask = 2147483647;
			files = (
			);
			runOnlyForDeploymentPostprocessing = 0;
		};
/* End PBXFrameworksBuildPhase section */

/* Begin PBXGroup section */
		F55653B62578C93000E2F8AC = {
			isa = PBXGroup;
			children = (
				F55653C12578C93000E2F8AC /* CuteWeather */,
				F55653C02578C93000E2F8AC /* Products */,
			);
			sourceTree = "<group>";
		};
		F55653C02578C93000E2F8AC /* Products */ = {
			isa = PBXGroup;
			children = (
				F55653BF2578C93000E2F8AC /* CuteWeather.app */,
			);
			name = Products;
			sourceTree = "<group>";
		};
		F55653C12578C93000E2F8AC /* CuteWeather */ = {
			isa = PBXGroup;
			children = (
				F5A65D422579ACBB00A0DB2A /* Table View */,
				F5A65D412579AC8C00A0DB2A /* Setting */,
				F55653E12578DB8500E2F8AC /* Copyright */,
				F55653C82578C93000E2F8AC /* Main.storyboard */,
				F55653E4257990BB00E2F8AC /* Constants.swift */,
				F53E4753257B477400AC1B61 /* darksky_sample.json */,
				F55653C42578C93000E2F8AC /* SceneDelegate.swift */,
				F55653C62578C93000E2F8AC /* MainVC.swift */,
				F55653CE2578C93400E2F8AC /* Assets.xcassets */,
				F55653EA2579929500E2F8AC /* Localizable.strings */,
				F55653D02578C93400E2F8AC /* LaunchScreen.storyboard */,
				F55653D32578C93400E2F8AC /* Info.plist */,
				F55653CB2578C93000E2F8AC /* p3.xcdatamodeld */,
			);
			path = CuteWeather;
			sourceTree = "<group>";
		};
		F55653E12578DB8500E2F8AC /* Copyright */ = {
			isa = PBXGroup;
			children = (
				F55653DF2578D8B600E2F8AC /* Bundle+info.swift */,
				F55653DD2578D28000E2F8AC /* AboutVC.swift */,
			);
			path = Copyright;
			sourceTree = "<group>";
		};
		F5A65D412579AC8C00A0DB2A /* Setting */ = {
			isa = PBXGroup;
			children = (
				F55653E225798EA300E2F8AC /* SettingsVC.swift */,
				F5A65D3F25799EDB00A0DB2A /* orderType.swift */,
				F55653C22578C93000E2F8AC /* AppDelegate.swift */,
			);
			path = Setting;
			sourceTree = "<group>";
		};
		F5A65D422579ACBB00A0DB2A /* Table View */ = {
			isa = PBXGroup;
			children = (
				F55653D92578CB5600E2F8AC /* TableViewCell.swift */,
				F55653DB2578CF9A00E2F8AC /* TVC.swift */,
				F53E4757257B580A00AC1B61 /* detailVC.swift */,
				F54A8CA0257B99D10047342E /* rain.sks */,
				F54A8CA1257B99D10047342E /* Assets.xcassets */,
				F5A65D452579ECBF00A0DB2A /* Weathers.swift */,
				F53E474F257B3B9C00AC1B61 /* Utils.swift */,
				F5A65D472579F20400A0DB2A /* FileManager.swift */,
			);
			path = "Table View";
			sourceTree = "<group>";
		};
/* End PBXGroup section */

/* Begin PBXNativeTarget section */
		F55653BE2578C93000E2F8AC /* CuteWeather */ = {
			isa = PBXNativeTarget;
			buildConfigurationList = F55653D62578C93400E2F8AC /* Build configuration list for PBXNativeTarget "CuteWeather" */;
			buildPhases = (
				F55653BB2578C93000E2F8AC /* Sources */,
				F55653BC2578C93000E2F8AC /* Frameworks */,
				F55653BD2578C93000E2F8AC /* Resources */,
			);
			buildRules = (
			);
			dependencies = (
			);
			name = CuteWeather;
			productName = p3;
			productReference = F55653BF2578C93000E2F8AC /* CuteWeather.app */;
			productType = "com.apple.product-type.application";
		};
/* End PBXNativeTarget section */

/* Begin PBXProject section */
		F55653B72578C93000E2F8AC /* Project object */ = {
			isa = PBXProject;
			attributes = {
				LastSwiftUpdateCheck = 1170;
				LastUpgradeCheck = 1170;
				ORGANIZATIONNAME = "Jiahao Lu";
				TargetAttributes = {
					F55653BE2578C93000E2F8AC = {
						CreatedOnToolsVersion = 11.7;
					};
				};
			};
			buildConfigurationList = F55653BA2578C93000E2F8AC /* Build configuration list for PBXProject "CuteWeather" */;
			compatibilityVersion = "Xcode 9.3";
			developmentRegion = en;
			hasScannedForEncodings = 0;
			knownRegions = (
				en,
				Base,
				fr,
				es,
			);
			mainGroup = F55653B62578C93000E2F8AC;
			productRefGroup = F55653C02578C93000E2F8AC /* Products */;
			projectDirPath = "";
			projectRoot = "";
			targets = (
				F55653BE2578C93000E2F8AC /* CuteWeather */,
			);
		};
/* End PBXProject section */

/* Begin PBXResourcesBuildPhase section */
		F55653BD2578C93000E2F8AC /* Resources */ = {
			isa = PBXResourcesBuildPhase;
			buildActionMask = 2147483647;
			files = (
				F55653D22578C93400E2F8AC /* LaunchScreen.storyboard in Resources */,
				F53E4754257B477400AC1B61 /* darksky_sample.json in Resources */,
				F55653E82579929500E2F8AC /* Localizable.strings in Resources */,
				F55653CF2578C93400E2F8AC /* Assets.xcassets in Resources */,
				F54A8CA3257B99D10047342E /* Assets.xcassets in Resources */,
				F55653CA2578C93000E2F8AC /* Main.storyboard in Resources */,
				F54A8CA2257B99D10047342E /* rain.sks in Resources */,
			);
			runOnlyForDeploymentPostprocessing = 0;
		};
/* End PBXResourcesBuildPhase section */

/* Begin PBXSourcesBuildPhase section */
		F55653BB2578C93000E2F8AC /* Sources */ = {
			isa = PBXSourcesBuildPhase;
			buildActionMask = 2147483647;
			files = (
				F55653DE2578D28000E2F8AC /* AboutVC.swift in Sources */,
				F5A65D4025799EDB00A0DB2A /* orderType.swift in Sources */,
				F55653DA2578CB5600E2F8AC /* TableViewCell.swift in Sources */,
				F5A65D482579F20400A0DB2A /* FileManager.swift in Sources */,
				F55653DC2578CF9A00E2F8AC /* TVC.swift in Sources */,
				F53E4750257B3B9C00AC1B61 /* Utils.swift in Sources */,
				F55653C72578C93000E2F8AC /* MainVC.swift in Sources */,
				F55653C32578C93000E2F8AC /* AppDelegate.swift in Sources */,
				F55653E5257990BB00E2F8AC /* Constants.swift in Sources */,
				F53E4758257B580A00AC1B61 /* detailVC.swift in Sources */,
				F55653E02578D8B600E2F8AC /* Bundle+info.swift in Sources */,
				F55653CD2578C93000E2F8AC /* p3.xcdatamodeld in Sources */,
				F5A65D462579ECBF00A0DB2A /* Weathers.swift in Sources */,
				F55653C52578C93000E2F8AC /* SceneDelegate.swift in Sources */,
				F55653E325798EA300E2F8AC /* SettingsVC.swift in Sources */,
			);
			runOnlyForDeploymentPostprocessing = 0;
		};
/* End PBXSourcesBuildPhase section */

/* Begin PBXVariantGroup section */
		F55653C82578C93000E2F8AC /* Main.storyboard */ = {
			isa = PBXVariantGroup;
			children = (
				F55653C92578C93000E2F8AC /* Base */,
			);
			name = Main.storyboard;
			sourceTree = "<group>";
		};
		F55653D02578C93400E2F8AC /* LaunchScreen.storyboard */ = {
			isa = PBXVariantGroup;
			children = (
				F55653D12578C93400E2F8AC /* Base */,
			);
			name = LaunchScreen.storyboard;
			sourceTree = "<group>";
		};
		F55653EA2579929500E2F8AC /* Localizable.strings */ = {
			isa = PBXVariantGroup;
			children = (
				F55653E92579929500E2F8AC /* en */,
				F55653EB257992E400E2F8AC /* fr */,
				F55653EC2579930D00E2F8AC /* es */,
			);
			name = Localizable.strings;
			sourceTree = "<group>";
		};
/* End PBXVariantGroup section */

/* Begin XCBuildConfiguration section */
		F55653D42578C93400E2F8AC /* Debug */ = {
			isa = XCBuildConfiguration;
			buildSettings = {
				ALWAYS_SEARCH_USER_PATHS = NO;
				CLANG_ANALYZER_LOCALIZABILITY_NONLOCALIZED = YES;
				CLANG_ANALYZER_NONNULL = YES;
				CLANG_ANALYZER_NUMBER_OBJECT_CONVERSION = YES_AGGRESSIVE;
				CLANG_CXX_LANGUAGE_STANDARD = "gnu++14";
				CLANG_CXX_LIBRARY = "libc++";
				CLANG_ENABLE_MODULES = YES;
				CLANG_ENABLE_OBJC_ARC = YES;
				CLANG_ENABLE_OBJC_WEAK = YES;
				CLANG_WARN_BLOCK_CAPTURE_AUTORELEASING = YES;
				CLANG_WARN_BOOL_CONVERSION = YES;
				CLANG_WARN_COMMA = YES;
				CLANG_WARN_CONSTANT_CONVERSION = YES;
				CLANG_WARN_DEPRECATED_OBJC_IMPLEMENTATIONS = YES;
				CLANG_WARN_DIRECT_OBJC_ISA_USAGE = YES_ERROR;
				CLANG_WARN_DOCUMENTATION_COMMENTS = YES;
				CLANG_WARN_EMPTY_BODY = YES;
				CLANG_WARN_ENUM_CONVERSION = YES;
				CLANG_WARN_INFINITE_RECURSION = YES;
				CLANG_WARN_INT_CONVERSION = YES;
				CLANG_WARN_NON_LITERAL_NULL_CONVERSION = YES;
				CLANG_WARN_OBJC_IMPLICIT_RETAIN_SELF = YES;
				CLANG_WARN_OBJC_LITERAL_CONVERSION = YES;
				CLANG_WARN_OBJC_ROOT_CLASS = YES_ERROR;
				CLANG_WARN_RANGE_LOOP_ANALYSIS = YES;
				CLANG_WARN_STRICT_PROTOTYPES = YES;
				CLANG_WARN_SUSPICIOUS_MOVE = YES;
				CLANG_WARN_UNGUARDED_AVAILABILITY = YES_AGGRESSIVE;
				CLANG_WARN_UNREACHABLE_CODE = YES;
				CLANG_WARN__DUPLICATE_METHOD_MATCH = YES;
				COPY_PHASE_STRIP = NO;
				DEBUG_INFORMATION_FORMAT = dwarf;
				ENABLE_STRICT_OBJC_MSGSEND = YES;
				ENABLE_TESTABILITY = YES;
				GCC_C_LANGUAGE_STANDARD = gnu11;
				GCC_DYNAMIC_NO_PIC = NO;
				GCC_NO_COMMON_BLOCKS = YES;
				GCC_OPTIMIZATION_LEVEL = 0;
				GCC_PREPROCESSOR_DEFINITIONS = (
					"DEBUG=1",
					"$(inherited)",
				);
				GCC_WARN_64_TO_32_BIT_CONVERSION = YES;
				GCC_WARN_ABOUT_RETURN_TYPE = YES_ERROR;
				GCC_WARN_UNDECLARED_SELECTOR = YES;
				GCC_WARN_UNINITIALIZED_AUTOS = YES_AGGRESSIVE;
				GCC_WARN_UNUSED_FUNCTION = YES;
				GCC_WARN_UNUSED_VARIABLE = YES;
				INFOPLIST_FILE = CuteWeather/Info.plist;
				"INFOPLIST_FILE[sdk=*]" = CuteWeather/Info.plist;
				IPHONEOS_DEPLOYMENT_TARGET = 13.7;
				MTL_ENABLE_DEBUG_INFO = INCLUDE_SOURCE;
				MTL_FAST_MATH = YES;
				ONLY_ACTIVE_ARCH = YES;
				SDKROOT = iphoneos;
				SWIFT_ACTIVE_COMPILATION_CONDITIONS = DEBUG;
				SWIFT_OPTIMIZATION_LEVEL = "-Onone";
			};
			name = Debug;
		};
		F55653D52578C93400E2F8AC /* Release */ = {
			isa = XCBuildConfiguration;
			buildSettings = {
				ALWAYS_SEARCH_USER_PATHS = NO;
				CLANG_ANALYZER_LOCALIZABILITY_NONLOCALIZED = YES;
				CLANG_ANALYZER_NONNULL = YES;
				CLANG_ANALYZER_NUMBER_OBJECT_CONVERSION = YES_AGGRESSIVE;
				CLANG_CXX_LANGUAGE_STANDARD = "gnu++14";
				CLANG_CXX_LIBRARY = "libc++";
				CLANG_ENABLE_MODULES = YES;
				CLANG_ENABLE_OBJC_ARC = YES;
				CLANG_ENABLE_OBJC_WEAK = YES;
				CLANG_WARN_BLOCK_CAPTURE_AUTORELEASING = YES;
				CLANG_WARN_BOOL_CONVERSION = YES;
				CLANG_WARN_COMMA = YES;
				CLANG_WARN_CONSTANT_CONVERSION = YES;
				CLANG_WARN_DEPRECATED_OBJC_IMPLEMENTATIONS = YES;
				CLANG_WARN_DIRECT_OBJC_ISA_USAGE = YES_ERROR;
				CLANG_WARN_DOCUMENTATION_COMMENTS = YES;
				CLANG_WARN_EMPTY_BODY = YES;
				CLANG_WARN_ENUM_CONVERSION = YES;
				CLANG_WARN_INFINITE_RECURSION = YES;
				CLANG_WARN_INT_CONVERSION = YES;
				CLANG_WARN_NON_LITERAL_NULL_CONVERSION = YES;
				CLANG_WARN_OBJC_IMPLICIT_RETAIN_SELF = YES;
				CLANG_WARN_OBJC_LITERAL_CONVERSION = YES;
				CLANG_WARN_OBJC_ROOT_CLASS = YES_ERROR;
				CLANG_WARN_RANGE_LOOP_ANALYSIS = YES;
				CLANG_WARN_STRICT_PROTOTYPES = YES;
				CLANG_WARN_SUSPICIOUS_MOVE = YES;
				CLANG_WARN_UNGUARDED_AVAILABILITY = YES_AGGRESSIVE;
				CLANG_WARN_UNREACHABLE_CODE = YES;
				CLANG_WARN__DUPLICATE_METHOD_MATCH = YES;
				COPY_PHASE_STRIP = NO;
				DEBUG_INFORMATION_FORMAT = "dwarf-with-dsym";
				ENABLE_NS_ASSERTIONS = NO;
				ENABLE_STRICT_OBJC_MSGSEND = YES;
				GCC_C_LANGUAGE_STANDARD = gnu11;
				GCC_NO_COMMON_BLOCKS = YES;
				GCC_WARN_64_TO_32_BIT_CONVERSION = YES;
				GCC_WARN_ABOUT_RETURN_TYPE = YES_ERROR;
				GCC_WARN_UNDECLARED_SELECTOR = YES;
				GCC_WARN_UNINITIALIZED_AUTOS = YES_AGGRESSIVE;
				GCC_WARN_UNUSED_FUNCTION = YES;
				GCC_WARN_UNUSED_VARIABLE = YES;
				INFOPLIST_FILE = CuteWeather/Info.plist;
				IPHONEOS_DEPLOYMENT_TARGET = 13.7;
				MTL_ENABLE_DEBUG_INFO = NO;
				MTL_FAST_MATH = YES;
				SDKROOT = iphoneos;
				SWIFT_COMPILATION_MODE = wholemodule;
				SWIFT_OPTIMIZATION_LEVEL = "-O";
				VALIDATE_PRODUCT = YES;
			};
			name = Release;
		};
		F55653D72578C93400E2F8AC /* Debug */ = {
			isa = XCBuildConfiguration;
			buildSettings = {
				ASSETCATALOG_COMPILER_APPICON_NAME = AppIcon;
				CODE_SIGN_STYLE = Automatic;
				DEVELOPMENT_TEAM = V9YW4H59N3;
				INFOPLIST_FILE = "$(SRCROOT)/CuteWeather/Info.plist";
				LD_RUNPATH_SEARCH_PATHS = (
					"$(inherited)",
					"@executable_path/Frameworks",
				);
				PRODUCT_BUNDLE_IDENTIFIER = com.jlu39.p3;
				PRODUCT_NAME = "$(TARGET_NAME)";
				SWIFT_VERSION = 5.0;
				TARGETED_DEVICE_FAMILY = "1,2";
			};
			name = Debug;
		};
		F55653D82578C93400E2F8AC /* Release */ = {
			isa = XCBuildConfiguration;
			buildSettings = {
				ASSETCATALOG_COMPILER_APPICON_NAME = AppIcon;
				CODE_SIGN_STYLE = Automatic;
				DEVELOPMENT_TEAM = V9YW4H59N3;
				INFOPLIST_FILE = "$(SRCROOT)/CuteWeather/Info.plist";
				LD_RUNPATH_SEARCH_PATHS = (
					"$(inherited)",
					"@executable_path/Frameworks",
				);
				PRODUCT_BUNDLE_IDENTIFIER = com.jlu39.p3;
				PRODUCT_NAME = "$(TARGET_NAME)";
				SWIFT_VERSION = 5.0;
				TARGETED_DEVICE_FAMILY = "1,2";
			};
			name = Release;
		};
/* End XCBuildConfiguration section */

/* Begin XCConfigurationList section */
		F55653BA2578C93000E2F8AC /* Build configuration list for PBXProject "CuteWeather" */ = {
			isa = XCConfigurationList;
			buildConfigurations = (
				F55653D42578C93400E2F8AC /* Debug */,
				F55653D52578C93400E2F8AC /* Release */,
			);
			defaultConfigurationIsVisible = 0;
			defaultConfigurationName = Release;
		};
		F55653D62578C93400E2F8AC /* Build configuration list for PBXNativeTarget "CuteWeather" */ = {
			isa = XCConfigurationList;
			buildConfigurations = (
				F55653D72578C93400E2F8AC /* Debug */,
				F55653D82578C93400E2F8AC /* Release */,
			);
			defaultConfigurationIsVisible = 0;
			defaultConfigurationName = Release;
		};
/* End XCConfigurationList section */

/* Begin XCVersionGroup section */
		F55653CB2578C93000E2F8AC /* p3.xcdatamodeld */ = {
			isa = XCVersionGroup;
			children = (
				F55653CC2578C93000E2F8AC /* p3.xcdatamodel */,
			);
			currentVersion = F55653CC2578C93000E2F8AC /* p3.xcdatamodel */;
			path = p3.xcdatamodeld;
			sourceTree = "<group>";
			versionGroupType = wrapper.xcdatamodel;
		};
/* End XCVersionGroup section */
	};
	rootObject = F55653B72578C93000E2F8AC /* Project object */;
}
